// !$*UTF8*$!
{
	archiveVersion = 1;
	classes = {
	};
	objectVersion = 56;
	objects = {

/* Begin PBXBuildFile section */
		655D4E992A02AEDE0029D3AD /* Core.framework in Frameworks */ = {isa = PBXBuildFile; fileRef = 655D4E902A02AEDE0029D3AD /* Core.framework */; };
		655D4E9E2A02AEDE0029D3AD /* CoreTests.swift in Sources */ = {isa = PBXBuildFile; fileRef = 655D4E9D2A02AEDE0029D3AD /* CoreTests.swift */; };
		655D4E9F2A02AEDE0029D3AD /* Core.h in Headers */ = {isa = PBXBuildFile; fileRef = 655D4E932A02AEDE0029D3AD /* Core.h */; settings = {ATTRIBUTES = (Public, ); }; };
		65719F632A122EF8005E717B /* Common.framework in Frameworks */ = {isa = PBXBuildFile; fileRef = 65719F622A122EF8005E717B /* Common.framework */; };
		657532B12A02C78A00A24659 /* StoryModel.swift in Sources */ = {isa = PBXBuildFile; fileRef = 657532B02A02C78A00A24659 /* StoryModel.swift */; };
		657532B32A02C86500A24659 /* LocalDataSource.swift in Sources */ = {isa = PBXBuildFile; fileRef = 657532B22A02C86500A24659 /* LocalDataSource.swift */; };
		657532B62A02C99000A24659 /* StoryResponse.swift in Sources */ = {isa = PBXBuildFile; fileRef = 657532B52A02C99000A24659 /* StoryResponse.swift */; };
		657532B92A02CCB700A24659 /* HomeInteractor.swift in Sources */ = {isa = PBXBuildFile; fileRef = 657532B82A02CCB700A24659 /* HomeInteractor.swift */; };
		657532BB2A02CCC200A24659 /* StoryInteractor.swift in Sources */ = {isa = PBXBuildFile; fileRef = 657532BA2A02CCC200A24659 /* StoryInteractor.swift */; };
		657532BE2A02CEEA00A24659 /* StoryMapper.swift in Sources */ = {isa = PBXBuildFile; fileRef = 657532BD2A02CEEA00A24659 /* StoryMapper.swift */; };
		921933957D2271CDA838C39E /* Pods_Core.framework in Frameworks */ = {isa = PBXBuildFile; fileRef = E5F713B0DD3C590B555593BA /* Pods_Core.framework */; };
/* End PBXBuildFile section */

/* Begin PBXContainerItemProxy section */
		655D4E9A2A02AEDE0029D3AD /* PBXContainerItemProxy */ = {
			isa = PBXContainerItemProxy;
			containerPortal = 655D4E872A02AEDE0029D3AD /* Project object */;
			proxyType = 1;
			remoteGlobalIDString = 655D4E8F2A02AEDE0029D3AD;
			remoteInfo = Core;
		};
/* End PBXContainerItemProxy section */

/* Begin PBXFileReference section */
		573ABAB75A447A5C368076BF /* Pods-Core.release.xcconfig */ = {isa = PBXFileReference; includeInIndex = 1; lastKnownFileType = text.xcconfig; name = "Pods-Core.release.xcconfig"; path = "Target Support Files/Pods-Core/Pods-Core.release.xcconfig"; sourceTree = "<group>"; };
		655D4E902A02AEDE0029D3AD /* Core.framework */ = {isa = PBXFileReference; explicitFileType = wrapper.framework; includeInIndex = 0; path = Core.framework; sourceTree = BUILT_PRODUCTS_DIR; };
		655D4E932A02AEDE0029D3AD /* Core.h */ = {isa = PBXFileReference; lastKnownFileType = sourcecode.c.h; path = Core.h; sourceTree = "<group>"; };
		655D4E982A02AEDE0029D3AD /* CoreTests.xctest */ = {isa = PBXFileReference; explicitFileType = wrapper.cfbundle; includeInIndex = 0; path = CoreTests.xctest; sourceTree = BUILT_PRODUCTS_DIR; };
		655D4E9D2A02AEDE0029D3AD /* CoreTests.swift */ = {isa = PBXFileReference; lastKnownFileType = sourcecode.swift; path = CoreTests.swift; sourceTree = "<group>"; };
		65719F622A122EF8005E717B /* Common.framework */ = {isa = PBXFileReference; explicitFileType = wrapper.framework; path = Common.framework; sourceTree = BUILT_PRODUCTS_DIR; };
		657532B02A02C78A00A24659 /* StoryModel.swift */ = {isa = PBXFileReference; lastKnownFileType = sourcecode.swift; path = StoryModel.swift; sourceTree = "<group>"; };
		657532B22A02C86500A24659 /* LocalDataSource.swift */ = {isa = PBXFileReference; lastKnownFileType = sourcecode.swift; path = LocalDataSource.swift; sourceTree = "<group>"; };
		657532B52A02C99000A24659 /* StoryResponse.swift */ = {isa = PBXFileReference; lastKnownFileType = sourcecode.swift; path = StoryResponse.swift; sourceTree = "<group>"; };
		657532B82A02CCB700A24659 /* HomeInteractor.swift */ = {isa = PBXFileReference; lastKnownFileType = sourcecode.swift; path = HomeInteractor.swift; sourceTree = "<group>"; };
		657532BA2A02CCC200A24659 /* StoryInteractor.swift */ = {isa = PBXFileReference; lastKnownFileType = sourcecode.swift; path = StoryInteractor.swift; sourceTree = "<group>"; };
		657532BD2A02CEEA00A24659 /* StoryMapper.swift */ = {isa = PBXFileReference; lastKnownFileType = sourcecode.swift; path = StoryMapper.swift; sourceTree = "<group>"; };
		E5F713B0DD3C590B555593BA /* Pods_Core.framework */ = {isa = PBXFileReference; explicitFileType = wrapper.framework; includeInIndex = 0; path = Pods_Core.framework; sourceTree = BUILT_PRODUCTS_DIR; };
		F59025B17356896B4C1F17F6 /* Pods-Core.debug.xcconfig */ = {isa = PBXFileReference; includeInIndex = 1; lastKnownFileType = text.xcconfig; name = "Pods-Core.debug.xcconfig"; path = "Target Support Files/Pods-Core/Pods-Core.debug.xcconfig"; sourceTree = "<group>"; };
/* End PBXFileReference section */

/* Begin PBXFrameworksBuildPhase section */
		655D4E8D2A02AEDE0029D3AD /* Frameworks */ = {
			isa = PBXFrameworksBuildPhase;
			buildActionMask = 2147483647;
			files = (
				921933957D2271CDA838C39E /* Pods_Core.framework in Frameworks */,
				65719F632A122EF8005E717B /* Common.framework in Frameworks */,
			);
			runOnlyForDeploymentPostprocessing = 0;
		};
		655D4E952A02AEDE0029D3AD /* Frameworks */ = {
			isa = PBXFrameworksBuildPhase;
			buildActionMask = 2147483647;
			files = (
				655D4E992A02AEDE0029D3AD /* Core.framework in Frameworks */,
			);
			runOnlyForDeploymentPostprocessing = 0;
		};
/* End PBXFrameworksBuildPhase section */

/* Begin PBXGroup section */
		12FA5A078044C9D7158227A0 /* Pods */ = {
			isa = PBXGroup;
			children = (
				F59025B17356896B4C1F17F6 /* Pods-Core.debug.xcconfig */,
				573ABAB75A447A5C368076BF /* Pods-Core.release.xcconfig */,
			);
			name = Pods;
			path = ../Pods;
			sourceTree = "<group>";
		};
		655D4E862A02AEDE0029D3AD = {
			isa = PBXGroup;
			children = (
				655D4E922A02AEDE0029D3AD /* Core */,
				655D4E9C2A02AEDE0029D3AD /* CoreTests */,
				655D4E912A02AEDE0029D3AD /* Products */,
				12FA5A078044C9D7158227A0 /* Pods */,
				C2D8BB33AA1C97DF7E1F1495 /* Frameworks */,
			);
			sourceTree = "<group>";
		};
		655D4E912A02AEDE0029D3AD /* Products */ = {
			isa = PBXGroup;
			children = (
				655D4E902A02AEDE0029D3AD /* Core.framework */,
				655D4E982A02AEDE0029D3AD /* CoreTests.xctest */,
			);
			name = Products;
			sourceTree = "<group>";
		};
		655D4E922A02AEDE0029D3AD /* Core */ = {
			isa = PBXGroup;
			children = (
				657532B72A02CC9F00A24659 /* Interactor */,
				657532AE2A02C77100A24659 /* Domain */,
				657532AC2A02C75400A24659 /* Data */,
				655D4E932A02AEDE0029D3AD /* Core.h */,
			);
			path = Core;
			sourceTree = "<group>";
		};
		655D4E9C2A02AEDE0029D3AD /* CoreTests */ = {
			isa = PBXGroup;
			children = (
				655D4E9D2A02AEDE0029D3AD /* CoreTests.swift */,
			);
			path = CoreTests;
			sourceTree = "<group>";
		};
		657532AC2A02C75400A24659 /* Data */ = {
			isa = PBXGroup;
			children = (
				657532AD2A02C75A00A24659 /* Local */,
			);
			path = Data;
			sourceTree = "<group>";
		};
		657532AD2A02C75A00A24659 /* Local */ = {
			isa = PBXGroup;
			children = (
				657532B22A02C86500A24659 /* LocalDataSource.swift */,
			);
			path = Local;
			sourceTree = "<group>";
		};
		657532AE2A02C77100A24659 /* Domain */ = {
			isa = PBXGroup;
			children = (
				657532BC2A02CEDB00A24659 /* Mapper */,
				657532B42A02C98400A24659 /* Response */,
				657532AF2A02C77700A24659 /* Model */,
			);
			path = Domain;
			sourceTree = "<group>";
		};
		657532AF2A02C77700A24659 /* Model */ = {
			isa = PBXGroup;
			children = (
				657532B02A02C78A00A24659 /* StoryModel.swift */,
			);
			path = Model;
			sourceTree = "<group>";
		};
		657532B42A02C98400A24659 /* Response */ = {
			isa = PBXGroup;
			children = (
				657532B52A02C99000A24659 /* StoryResponse.swift */,
			);
			path = Response;
			sourceTree = "<group>";
		};
		657532B72A02CC9F00A24659 /* Interactor */ = {
			isa = PBXGroup;
			children = (
				657532B82A02CCB700A24659 /* HomeInteractor.swift */,
				657532BA2A02CCC200A24659 /* StoryInteractor.swift */,
			);
			path = Interactor;
			sourceTree = "<group>";
		};
		657532BC2A02CEDB00A24659 /* Mapper */ = {
			isa = PBXGroup;
			children = (
				657532BD2A02CEEA00A24659 /* StoryMapper.swift */,
			);
			path = Mapper;
			sourceTree = "<group>";
		};
		C2D8BB33AA1C97DF7E1F1495 /* Frameworks */ = {
			isa = PBXGroup;
			children = (
				65719F622A122EF8005E717B /* Common.framework */,
				E5F713B0DD3C590B555593BA /* Pods_Core.framework */,
			);
			name = Frameworks;
			sourceTree = "<group>";
		};
/* End PBXGroup section */

/* Begin PBXHeadersBuildPhase section */
		655D4E8B2A02AEDE0029D3AD /* Headers */ = {
			isa = PBXHeadersBuildPhase;
			buildActionMask = 2147483647;
			files = (
				655D4E9F2A02AEDE0029D3AD /* Core.h in Headers */,
			);
			runOnlyForDeploymentPostprocessing = 0;
		};
/* End PBXHeadersBuildPhase section */

/* Begin PBXNativeTarget section */
		655D4E8F2A02AEDE0029D3AD /* Core */ = {
			isa = PBXNativeTarget;
			buildConfigurationList = 655D4EA22A02AEDE0029D3AD /* Build configuration list for PBXNativeTarget "Core" */;
			buildPhases = (
				74D4F464E6BD654F78E9B991 /* [CP] Check Pods Manifest.lock */,
				655D4E8B2A02AEDE0029D3AD /* Headers */,
				655D4E8C2A02AEDE0029D3AD /* Sources */,
				655D4E8D2A02AEDE0029D3AD /* Frameworks */,
				655D4E8E2A02AEDE0029D3AD /* Resources */,
			);
			buildRules = (
			);
			dependencies = (
			);
			name = Core;
			productName = Core;
			productReference = 655D4E902A02AEDE0029D3AD /* Core.framework */;
			productType = "com.apple.product-type.framework";
		};
		655D4E972A02AEDE0029D3AD /* CoreTests */ = {
			isa = PBXNativeTarget;
			buildConfigurationList = 655D4EA52A02AEDE0029D3AD /* Build configuration list for PBXNativeTarget "CoreTests" */;
			buildPhases = (
				655D4E942A02AEDE0029D3AD /* Sources */,
				655D4E952A02AEDE0029D3AD /* Frameworks */,
				655D4E962A02AEDE0029D3AD /* Resources */,
			);
			buildRules = (
			);
			dependencies = (
				655D4E9B2A02AEDE0029D3AD /* PBXTargetDependency */,
			);
			name = CoreTests;
			productName = CoreTests;
			productReference = 655D4E982A02AEDE0029D3AD /* CoreTests.xctest */;
			productType = "com.apple.product-type.bundle.unit-test";
		};
/* End PBXNativeTarget section */

/* Begin PBXProject section */
		655D4E872A02AEDE0029D3AD /* Project object */ = {
			isa = PBXProject;
			attributes = {
				BuildIndependentTargetsInParallel = 1;
				LastSwiftUpdateCheck = 1420;
				LastUpgradeCheck = 1420;
				TargetAttributes = {
					655D4E8F2A02AEDE0029D3AD = {
						CreatedOnToolsVersion = 14.2;
						LastSwiftMigration = 1420;
					};
					655D4E972A02AEDE0029D3AD = {
						CreatedOnToolsVersion = 14.2;
					};
				};
			};
			buildConfigurationList = 655D4E8A2A02AEDE0029D3AD /* Build configuration list for PBXProject "Core" */;
			compatibilityVersion = "Xcode 14.0";
			developmentRegion = en;
			hasScannedForEncodings = 0;
			knownRegions = (
				en,
				Base,
			);
			mainGroup = 655D4E862A02AEDE0029D3AD;
			productRefGroup = 655D4E912A02AEDE0029D3AD /* Products */;
			projectDirPath = "";
			projectRoot = "";
			targets = (
				655D4E8F2A02AEDE0029D3AD /* Core */,
				655D4E972A02AEDE0029D3AD /* CoreTests */,
			);
		};
/* End PBXProject section */

/* Begin PBXResourcesBuildPhase section */
		655D4E8E2A02AEDE0029D3AD /* Resources */ = {
			isa = PBXResourcesBuildPhase;
			buildActionMask = 2147483647;
			files = (
			);
			runOnlyForDeploymentPostprocessing = 0;
		};
		655D4E962A02AEDE0029D3AD /* Resources */ = {
			isa = PBXResourcesBuildPhase;
			buildActionMask = 2147483647;
			files = (
			);
			runOnlyForDeploymentPostprocessing = 0;
		};
/* End PBXResourcesBuildPhase section */

/* Begin PBXShellScriptBuildPhase section */
		74D4F464E6BD654F78E9B991 /* [CP] Check Pods Manifest.lock */ = {
			isa = PBXShellScriptBuildPhase;
			buildActionMask = 2147483647;
			files = (
			);
			inputFileListPaths = (
			);
			inputPaths = (
				"${PODS_PODFILE_DIR_PATH}/Podfile.lock",
				"${PODS_ROOT}/Manifest.lock",
			);
			name = "[CP] Check Pods Manifest.lock";
			outputFileListPaths = (
			);
			outputPaths = (
				"$(DERIVED_FILE_DIR)/Pods-Core-checkManifestLockResult.txt",
			);
			runOnlyForDeploymentPostprocessing = 0;
			shellPath = /bin/sh;
			shellScript = "diff \"${PODS_PODFILE_DIR_PATH}/Podfile.lock\" \"${PODS_ROOT}/Manifest.lock\" > /dev/null\nif [ $? != 0 ] ; then\n    # print error to STDERR\n    echo \"error: The sandbox is not in sync with the Podfile.lock. Run 'pod install' or update your CocoaPods installation.\" >&2\n    exit 1\nfi\n# This output is used by Xcode 'outputs' to avoid re-running this script phase.\necho \"SUCCESS\" > \"${SCRIPT_OUTPUT_FILE_0}\"\n";
			showEnvVarsInLog = 0;
		};
/* End PBXShellScriptBuildPhase section */

/* Begin PBXSourcesBuildPhase section */
		655D4E8C2A02AEDE0029D3AD /* Sources */ = {
			isa = PBXSourcesBuildPhase;
			buildActionMask = 2147483647;
			files = (
				657532BE2A02CEEA00A24659 /* StoryMapper.swift in Sources */,
				657532B62A02C99000A24659 /* StoryResponse.swift in Sources */,
				657532BB2A02CCC200A24659 /* StoryInteractor.swift in Sources */,
				657532B32A02C86500A24659 /* LocalDataSource.swift in Sources */,
				657532B12A02C78A00A24659 /* StoryModel.swift in Sources */,
				657532B92A02CCB700A24659 /* HomeInteractor.swift in Sources */,
			);
			runOnlyForDeploymentPostprocessing = 0;
		};
		655D4E942A02AEDE0029D3AD /* Sources */ = {
			isa = PBXSourcesBuildPhase;
			buildActionMask = 2147483647;
			files = (
				655D4E9E2A02AEDE0029D3AD /* CoreTests.swift in Sources */,
			);
			runOnlyForDeploymentPostprocessing = 0;
		};
/* End PBXSourcesBuildPhase section */

/* Begin PBXTargetDependency section */
		655D4E9B2A02AEDE0029D3AD /* PBXTargetDependency */ = {
			isa = PBXTargetDependency;
			target = 655D4E8F2A02AEDE0029D3AD /* Core */;
			targetProxy = 655D4E9A2A02AEDE0029D3AD /* PBXContainerItemProxy */;
		};
/* End PBXTargetDependency section */

/* Begin XCBuildConfiguration section */
		655D4EA02A02AEDE0029D3AD /* Debug */ = {
			isa = XCBuildConfiguration;
			buildSettings = {
				ALWAYS_SEARCH_USER_PATHS = NO;
				CLANG_ANALYZER_NONNULL = YES;
				CLANG_ANALYZER_NUMBER_OBJECT_CONVERSION = YES_AGGRESSIVE;
				CLANG_CXX_LANGUAGE_STANDARD = "gnu++20";
				CLANG_ENABLE_MODULES = YES;
				CLANG_ENABLE_OBJC_ARC = YES;
				CLANG_ENABLE_OBJC_WEAK = YES;
				CLANG_WARN_BLOCK_CAPTURE_AUTORELEASING = YES;
				CLANG_WARN_BOOL_CONVERSION = YES;
				CLANG_WARN_COMMA = YES;
				CLANG_WARN_CONSTANT_CONVERSION = YES;
				CLANG_WARN_DEPRECATED_OBJC_IMPLEMENTATIONS = YES;
				CLANG_WARN_DIRECT_OBJC_ISA_USAGE = YES_ERROR;
				CLANG_WARN_DOCUMENTATION_COMMENTS = YES;
				CLANG_WARN_EMPTY_BODY = YES;
				CLANG_WARN_ENUM_CONVERSION = YES;
				CLANG_WARN_INFINITE_RECURSION = YES;
				CLANG_WARN_INT_CONVERSION = YES;
				CLANG_WARN_NON_LITERAL_NULL_CONVERSION = YES;
				CLANG_WARN_OBJC_IMPLICIT_RETAIN_SELF = YES;
				CLANG_WARN_OBJC_LITERAL_CONVERSION = YES;
				CLANG_WARN_OBJC_ROOT_CLASS = YES_ERROR;
				CLANG_WARN_QUOTED_INCLUDE_IN_FRAMEWORK_HEADER = YES;
				CLANG_WARN_RANGE_LOOP_ANALYSIS = YES;
				CLANG_WARN_STRICT_PROTOTYPES = YES;
				CLANG_WARN_SUSPICIOUS_MOVE = YES;
				CLANG_WARN_UNGUARDED_AVAILABILITY = YES_AGGRESSIVE;
				CLANG_WARN_UNREACHABLE_CODE = YES;
				CLANG_WARN__DUPLICATE_METHOD_MATCH = YES;
				COPY_PHASE_STRIP = NO;
				CURRENT_PROJECT_VERSION = 1;
				DEBUG_INFORMATION_FORMAT = dwarf;
				ENABLE_STRICT_OBJC_MSGSEND = YES;
				ENABLE_TESTABILITY = YES;
				GCC_C_LANGUAGE_STANDARD = gnu11;
				GCC_DYNAMIC_NO_PIC = NO;
				GCC_NO_COMMON_BLOCKS = YES;
				GCC_OPTIMIZATION_LEVEL = 0;
				GCC_PREPROCESSOR_DEFINITIONS = (
					"DEBUG=1",
					"$(inherited)",
				);
				GCC_WARN_64_TO_32_BIT_CONVERSION = YES;
				GCC_WARN_ABOUT_RETURN_TYPE = YES_ERROR;
				GCC_WARN_UNDECLARED_SELECTOR = YES;
				GCC_WARN_UNINITIALIZED_AUTOS = YES_AGGRESSIVE;
				GCC_WARN_UNUSED_FUNCTION = YES;
				GCC_WARN_UNUSED_VARIABLE = YES;
				IPHONEOS_DEPLOYMENT_TARGET = 16.2;
				MTL_ENABLE_DEBUG_INFO = INCLUDE_SOURCE;
				MTL_FAST_MATH = YES;
				ONLY_ACTIVE_ARCH = YES;
				SDKROOT = iphoneos;
				SWIFT_ACTIVE_COMPILATION_CONDITIONS = DEBUG;
				SWIFT_OPTIMIZATION_LEVEL = "-Onone";
				VERSIONING_SYSTEM = "apple-generic";
				VERSION_INFO_PREFIX = "";
			};
			name = Debug;
		};
		655D4EA12A02AEDE0029D3AD /* Release */ = {
			isa = XCBuildConfiguration;
			buildSettings = {
				ALWAYS_SEARCH_USER_PATHS = NO;
				CLANG_ANALYZER_NONNULL = YES;
				CLANG_ANALYZER_NUMBER_OBJECT_CONVERSION = YES_AGGRESSIVE;
				CLANG_CXX_LANGUAGE_STANDARD = "gnu++20";
				CLANG_ENABLE_MODULES = YES;
				CLANG_ENABLE_OBJC_ARC = YES;
				CLANG_ENABLE_OBJC_WEAK = YES;
				CLANG_WARN_BLOCK_CAPTURE_AUTORELEASING = YES;
				CLANG_WARN_BOOL_CONVERSION = YES;
				CLANG_WARN_COMMA = YES;
				CLANG_WARN_CONSTANT_CONVERSION = YES;
				CLANG_WARN_DEPRECATED_OBJC_IMPLEMENTATIONS = YES;
				CLANG_WARN_DIRECT_OBJC_ISA_USAGE = YES_ERROR;
				CLANG_WARN_DOCUMENTATION_COMMENTS = YES;
				CLANG_WARN_EMPTY_BODY = YES;
				CLANG_WARN_ENUM_CONVERSION = YES;
				CLANG_WARN_INFINITE_RECURSION = YES;
				CLANG_WARN_INT_CONVERSION = YES;
				CLANG_WARN_NON_LITERAL_NULL_CONVERSION = YES;
				CLANG_WARN_OBJC_IMPLICIT_RETAIN_SELF = YES;
				CLANG_WARN_OBJC_LITERAL_CONVERSION = YES;
				CLANG_WARN_OBJC_ROOT_CLASS = YES_ERROR;
				CLANG_WARN_QUOTED_INCLUDE_IN_FRAMEWORK_HEADER = YES;
				CLANG_WARN_RANGE_LOOP_ANALYSIS = YES;
				CLANG_WARN_STRICT_PROTOTYPES = YES;
				CLANG_WARN_SUSPICIOUS_MOVE = YES;
				CLANG_WARN_UNGUARDED_AVAILABILITY = YES_AGGRESSIVE;
				CLANG_WARN_UNREACHABLE_CODE = YES;
				CLANG_WARN__DUPLICATE_METHOD_MATCH = YES;
				COPY_PHASE_STRIP = NO;
				CURRENT_PROJECT_VERSION = 1;
				DEBUG_INFORMATION_FORMAT = "dwarf-with-dsym";
				ENABLE_NS_ASSERTIONS = NO;
				ENABLE_STRICT_OBJC_MSGSEND = YES;
				GCC_C_LANGUAGE_STANDARD = gnu11;
				GCC_NO_COMMON_BLOCKS = YES;
				GCC_WARN_64_TO_32_BIT_CONVERSION = YES;
				GCC_WARN_ABOUT_RETURN_TYPE = YES_ERROR;
				GCC_WARN_UNDECLARED_SELECTOR = YES;
				GCC_WARN_UNINITIALIZED_AUTOS = YES_AGGRESSIVE;
				GCC_WARN_UNUSED_FUNCTION = YES;
				GCC_WARN_UNUSED_VARIABLE = YES;
				IPHONEOS_DEPLOYMENT_TARGET = 16.2;
				MTL_ENABLE_DEBUG_INFO = NO;
				MTL_FAST_MATH = YES;
				SDKROOT = iphoneos;
				SWIFT_COMPILATION_MODE = wholemodule;
				SWIFT_OPTIMIZATION_LEVEL = "-O";
				VALIDATE_PRODUCT = YES;
				VERSIONING_SYSTEM = "apple-generic";
				VERSION_INFO_PREFIX = "";
			};
			name = Release;
		};
		655D4EA32A02AEDE0029D3AD /* Debug */ = {
			isa = XCBuildConfiguration;
			baseConfigurationReference = F59025B17356896B4C1F17F6 /* Pods-Core.debug.xcconfig */;
			buildSettings = {
				CLANG_ENABLE_MODULES = YES;
				CODE_SIGN_STYLE = Automatic;
				CURRENT_PROJECT_VERSION = 1;
				DEFINES_MODULE = YES;
				DEVELOPMENT_TEAM = 5VHRN5SF2P;
				DYLIB_COMPATIBILITY_VERSION = 1;
				DYLIB_CURRENT_VERSION = 1;
				DYLIB_INSTALL_NAME_BASE = "@rpath";
				GENERATE_INFOPLIST_FILE = YES;
				INFOPLIST_KEY_NSHumanReadableCopyright = "";
				INSTALL_PATH = "$(LOCAL_LIBRARY_DIR)/Frameworks";
				IPHONEOS_DEPLOYMENT_TARGET = 16.0;
				LD_RUNPATH_SEARCH_PATHS = (
					"$(inherited)",
					"@executable_path/Frameworks",
					"@loader_path/Frameworks",
				);
				MARKETING_VERSION = 1.0;
				PRODUCT_BUNDLE_IDENTIFIER = com.faisalarip.Core;
				PRODUCT_NAME = "$(TARGET_NAME:c99extidentifier)";
				SKIP_INSTALL = YES;
				SWIFT_EMIT_LOC_STRINGS = YES;
				SWIFT_OPTIMIZATION_LEVEL = "-Onone";
				SWIFT_VERSION = 5.0;
				TARGETED_DEVICE_FAMILY = "1,2";
			};
			name = Debug;
		};
		655D4EA42A02AEDE0029D3AD /* Release */ = {
			isa = XCBuildConfiguration;
			baseConfigurationReference = 573ABAB75A447A5C368076BF /* Pods-Core.release.xcconfig */;
			buildSettings = {
				CLANG_ENABLE_MODULES = YES;
				CODE_SIGN_STYLE = Automatic;
				CURRENT_PROJECT_VERSION = 1;
				DEFINES_MODULE = YES;
				DEVELOPMENT_TEAM = 5VHRN5SF2P;
				DYLIB_COMPATIBILITY_VERSION = 1;
				DYLIB_CURRENT_VERSION = 1;
				DYLIB_INSTALL_NAME_BASE = "@rpath";
				GENERATE_INFOPLIST_FILE = YES;
				INFOPLIST_KEY_NSHumanReadableCopyright = "";
				INSTALL_PATH = "$(LOCAL_LIBRARY_DIR)/Frameworks";
				IPHONEOS_DEPLOYMENT_TARGET = 16.0;
				LD_RUNPATH_SEARCH_PATHS = (
					"$(inherited)",
					"@executable_path/Frameworks",
					"@loader_path/Frameworks",
				);
				MARKETING_VERSION = 1.0;
				PRODUCT_BUNDLE_IDENTIFIER = com.faisalarip.Core;
				PRODUCT_NAME = "$(TARGET_NAME:c99extidentifier)";
				SKIP_INSTALL = YES;
				SWIFT_EMIT_LOC_STRINGS = YES;
				SWIFT_VERSION = 5.0;
				TARGETED_DEVICE_FAMILY = "1,2";
			};
			name = Release;
		};
		655D4EA62A02AEDE0029D3AD /* Debug */ = {
			isa = XCBuildConfiguration;
			buildSettings = {
				ALWAYS_EMBED_SWIFT_STANDARD_LIBRARIES = YES;
				CODE_SIGN_STYLE = Automatic;
				CURRENT_PROJECT_VERSION = 1;
				DEVELOPMENT_TEAM = 5VHRN5SF2P;
				GENERATE_INFOPLIST_FILE = YES;
				MARKETING_VERSION = 1.0;
				PRODUCT_BUNDLE_IDENTIFIER = com.faisalarip.CoreTests;
				PRODUCT_NAME = "$(TARGET_NAME)";
				SWIFT_EMIT_LOC_STRINGS = NO;
				SWIFT_VERSION = 5.0;
				TARGETED_DEVICE_FAMILY = "1,2";
			};
			name = Debug;
		};
		655D4EA72A02AEDE0029D3AD /* Release */ = {
			isa = XCBuildConfiguration;
			buildSettings = {
				ALWAYS_EMBED_SWIFT_STANDARD_LIBRARIES = YES;
				CODE_SIGN_STYLE = Automatic;
				CURRENT_PROJECT_VERSION = 1;
				DEVELOPMENT_TEAM = 5VHRN5SF2P;
				GENERATE_INFOPLIST_FILE = YES;
				MARKETING_VERSION = 1.0;
				PRODUCT_BUNDLE_IDENTIFIER = com.faisalarip.CoreTests;
				PRODUCT_NAME = "$(TARGET_NAME)";
				SWIFT_EMIT_LOC_STRINGS = NO;
				SWIFT_VERSION = 5.0;
				TARGETED_DEVICE_FAMILY = "1,2";
			};
			name = Release;
		};
/* End XCBuildConfiguration section */

/* Begin XCConfigurationList section */
		655D4E8A2A02AEDE0029D3AD /* Build configuration list for PBXProject "Core" */ = {
			isa = XCConfigurationList;
			buildConfigurations = (
				655D4EA02A02AEDE0029D3AD /* Debug */,
				655D4EA12A02AEDE0029D3AD /* Release */,
			);
			defaultConfigurationIsVisible = 0;
			defaultConfigurationName = Release;
		};
		655D4EA22A02AEDE0029D3AD /* Build configuration list for PBXNativeTarget "Core" */ = {
			isa = XCConfigurationList;
			buildConfigurations = (
				655D4EA32A02AEDE0029D3AD /* Debug */,
				655D4EA42A02AEDE0029D3AD /* Release */,
			);
			defaultConfigurationIsVisible = 0;
			defaultConfigurationName = Release;
		};
		655D4EA52A02AEDE0029D3AD /* Build configuration list for PBXNativeTarget "CoreTests" */ = {
			isa = XCConfigurationList;
			buildConfigurations = (
				655D4EA62A02AEDE0029D3AD /* Debug */,
				655D4EA72A02AEDE0029D3AD /* Release */,
			);
			defaultConfigurationIsVisible = 0;
			defaultConfigurationName = Release;
		};
/* End XCConfigurationList section */
	};
	rootObject = 655D4E872A02AEDE0029D3AD /* Project object */;
}
